// !$*UTF8*$!
{
	archiveVersion = 1;
	classes = {
	};
	objectVersion = 46;
	objects = {

/* Begin PBXBuildFile section */
		7269ECDC1DDDCD4B0057E3A2 /* AppDelegate.swift in Sources */ = {isa = PBXBuildFile; fileRef = 7269ECDB1DDDCD4B0057E3A2 /* AppDelegate.swift */; };
		7269ECDE1DDDCD4B0057E3A2 /* ViewController.swift in Sources */ = {isa = PBXBuildFile; fileRef = 7269ECDD1DDDCD4B0057E3A2 /* ViewController.swift */; };
		7269ECE11DDDCD4B0057E3A2 /* Main.storyboard in Resources */ = {isa = PBXBuildFile; fileRef = 7269ECDF1DDDCD4B0057E3A2 /* Main.storyboard */; };
		7269ECE31DDDCD4B0057E3A2 /* Assets.xcassets in Resources */ = {isa = PBXBuildFile; fileRef = 7269ECE21DDDCD4B0057E3A2 /* Assets.xcassets */; };
		7269ECE61DDDCD4B0057E3A2 /* LaunchScreen.storyboard in Resources */ = {isa = PBXBuildFile; fileRef = 7269ECE41DDDCD4B0057E3A2 /* LaunchScreen.storyboard */; };
		7269ECEE1DDDD1290057E3A2 /* pokemon.csv in Resources */ = {isa = PBXBuildFile; fileRef = 7269ECED1DDDD1290057E3A2 /* pokemon.csv */; };
		7269ECF11DDDDCED0057E3A2 /* Pokemon.swift in Sources */ = {isa = PBXBuildFile; fileRef = 7269ECF01DDDDCED0057E3A2 /* Pokemon.swift */; };
		7269ECF41DDDE9B60057E3A2 /* PokeCell.swift in Sources */ = {isa = PBXBuildFile; fileRef = 7269ECF31DDDE9B60057E3A2 /* PokeCell.swift */; };
		7269ECF61DDDF5AD0057E3A2 /* csv.swift in Sources */ = {isa = PBXBuildFile; fileRef = 7269ECF51DDDF5AD0057E3A2 /* csv.swift */; };
		7269ECFA1DDEF7FB0057E3A2 /* music.mp3 in Resources */ = {isa = PBXBuildFile; fileRef = 7269ECF71DDEF7FB0057E3A2 /* music.mp3 */; };
		7269ECFB1DDEF7FB0057E3A2 /* music.png in Resources */ = {isa = PBXBuildFile; fileRef = 7269ECF81DDEF7FB0057E3A2 /* music.png */; };
		7269ECFC1DDEF7FB0057E3A2 /* pokemon.ttf in Resources */ = {isa = PBXBuildFile; fileRef = 7269ECF91DDEF7FB0057E3A2 /* pokemon.ttf */; };
		7269ED011DDF0CC40057E3A2 /* PokemonDetailsVC.swift in Sources */ = {isa = PBXBuildFile; fileRef = 7269ED001DDF0CC40057E3A2 /* PokemonDetailsVC.swift */; };
/* End PBXBuildFile section */

/* Begin PBXFileReference section */
		7269ECD81DDDCD4B0057E3A2 /* Pokedex3.app */ = {isa = PBXFileReference; explicitFileType = wrapper.application; includeInIndex = 0; path = Pokedex3.app; sourceTree = BUILT_PRODUCTS_DIR; };
		7269ECDB1DDDCD4B0057E3A2 /* AppDelegate.swift */ = {isa = PBXFileReference; lastKnownFileType = sourcecode.swift; path = AppDelegate.swift; sourceTree = "<group>"; };
		7269ECDD1DDDCD4B0057E3A2 /* ViewController.swift */ = {isa = PBXFileReference; lastKnownFileType = sourcecode.swift; path = ViewController.swift; sourceTree = "<group>"; };
		7269ECE01DDDCD4B0057E3A2 /* Base */ = {isa = PBXFileReference; lastKnownFileType = file.storyboard; name = Base; path = Base.lproj/Main.storyboard; sourceTree = "<group>"; };
		7269ECE21DDDCD4B0057E3A2 /* Assets.xcassets */ = {isa = PBXFileReference; lastKnownFileType = folder.assetcatalog; path = Assets.xcassets; sourceTree = "<group>"; };
		7269ECE51DDDCD4B0057E3A2 /* Base */ = {isa = PBXFileReference; lastKnownFileType = file.storyboard; name = Base; path = Base.lproj/LaunchScreen.storyboard; sourceTree = "<group>"; };
		7269ECE71DDDCD4B0057E3A2 /* Info.plist */ = {isa = PBXFileReference; lastKnownFileType = text.plist.xml; path = Info.plist; sourceTree = "<group>"; };
		7269ECED1DDDD1290057E3A2 /* pokemon.csv */ = {isa = PBXFileReference; fileEncoding = 4; lastKnownFileType = text; path = pokemon.csv; sourceTree = "<group>"; };
		7269ECF01DDDDCED0057E3A2 /* Pokemon.swift */ = {isa = PBXFileReference; fileEncoding = 4; lastKnownFileType = sourcecode.swift; path = Pokemon.swift; sourceTree = "<group>"; };
		7269ECF31DDDE9B60057E3A2 /* PokeCell.swift */ = {isa = PBXFileReference; fileEncoding = 4; lastKnownFileType = sourcecode.swift; path = PokeCell.swift; sourceTree = "<group>"; };
		7269ECF51DDDF5AD0057E3A2 /* csv.swift */ = {isa = PBXFileReference; fileEncoding = 4; lastKnownFileType = sourcecode.swift; name = csv.swift; path = Pokedex3/csv.swift; sourceTree = "<group>"; };
		7269ECF71DDEF7FB0057E3A2 /* music.mp3 */ = {isa = PBXFileReference; lastKnownFileType = audio.mp3; path = music.mp3; sourceTree = "<group>"; };
		7269ECF81DDEF7FB0057E3A2 /* music.png */ = {isa = PBXFileReference; lastKnownFileType = image.png; path = music.png; sourceTree = "<group>"; };
		7269ECF91DDEF7FB0057E3A2 /* pokemon.ttf */ = {isa = PBXFileReference; lastKnownFileType = file; path = pokemon.ttf; sourceTree = "<group>"; };
		7269ED001DDF0CC40057E3A2 /* PokemonDetailsVC.swift */ = {isa = PBXFileReference; fileEncoding = 4; lastKnownFileType = sourcecode.swift; path = PokemonDetailsVC.swift; sourceTree = "<group>"; };
/* End PBXFileReference section */

/* Begin PBXFrameworksBuildPhase section */
		7269ECD51DDDCD4B0057E3A2 /* Frameworks */ = {
			isa = PBXFrameworksBuildPhase;
			buildActionMask = 2147483647;
			files = (
			);
			runOnlyForDeploymentPostprocessing = 0;
		};
/* End PBXFrameworksBuildPhase section */

/* Begin PBXGroup section */
		7269ECCF1DDDCD4B0057E3A2 = {
			isa = PBXGroup;
			children = (
				7269ECDA1DDDCD4B0057E3A2 /* Pokedex3 */,
				7269ECD91DDDCD4B0057E3A2 /* Products */,
			);
			sourceTree = "<group>";
		};
		7269ECD91DDDCD4B0057E3A2 /* Products */ = {
			isa = PBXGroup;
			children = (
				7269ECD81DDDCD4B0057E3A2 /* Pokedex3.app */,
			);
			name = Products;
			sourceTree = "<group>";
		};
		7269ECDA1DDDCD4B0057E3A2 /* Pokedex3 */ = {
			isa = PBXGroup;
			children = (
				7269ECEF1DDDDCDD0057E3A2 /* model */,
				7269ECF21DDDE9680057E3A2 /* view */,
				7269ECFD1DDEF86B0057E3A2 /* controller */,
				7269ECFF1DDEF8DF0057E3A2 /* util */,
				7269ECFE1DDEF8760057E3A2 /* resources */,
				7269ECDB1DDDCD4B0057E3A2 /* AppDelegate.swift */,
				7269ECED1DDDD1290057E3A2 /* pokemon.csv */,
				7269ECDF1DDDCD4B0057E3A2 /* Main.storyboard */,
				7269ECE21DDDCD4B0057E3A2 /* Assets.xcassets */,
				7269ECE41DDDCD4B0057E3A2 /* LaunchScreen.storyboard */,
				7269ECE71DDDCD4B0057E3A2 /* Info.plist */,
			);
			path = Pokedex3;
			sourceTree = "<group>";
		};
		7269ECEF1DDDDCDD0057E3A2 /* model */ = {
			isa = PBXGroup;
			children = (
				7269ECF01DDDDCED0057E3A2 /* Pokemon.swift */,
			);
			name = model;
			sourceTree = "<group>";
		};
		7269ECF21DDDE9680057E3A2 /* view */ = {
			isa = PBXGroup;
			children = (
				7269ECF31DDDE9B60057E3A2 /* PokeCell.swift */,
			);
			name = view;
			sourceTree = "<group>";
		};
		7269ECFD1DDEF86B0057E3A2 /* controller */ = {
			isa = PBXGroup;
			children = (
				7269ECDD1DDDCD4B0057E3A2 /* ViewController.swift */,
				7269ED001DDF0CC40057E3A2 /* PokemonDetailsVC.swift */,
			);
			name = controller;
			sourceTree = "<group>";
		};
		7269ECFE1DDEF8760057E3A2 /* resources */ = {
			isa = PBXGroup;
			children = (
				7269ECF91DDEF7FB0057E3A2 /* pokemon.ttf */,
				7269ECF71DDEF7FB0057E3A2 /* music.mp3 */,
				7269ECF81DDEF7FB0057E3A2 /* music.png */,
			);
			name = resources;
			sourceTree = "<group>";
		};
		7269ECFF1DDEF8DF0057E3A2 /* util */ = {
			isa = PBXGroup;
			children = (
				7269ECF51DDDF5AD0057E3A2 /* csv.swift */,
			);
			name = util;
			path = ..;
			sourceTree = "<group>";
		};
/* End PBXGroup section */

/* Begin PBXNativeTarget section */
		7269ECD71DDDCD4B0057E3A2 /* Pokedex3 */ = {
			isa = PBXNativeTarget;
			buildConfigurationList = 7269ECEA1DDDCD4B0057E3A2 /* Build configuration list for PBXNativeTarget "Pokedex3" */;
			buildPhases = (
				7269ECD41DDDCD4B0057E3A2 /* Sources */,
				7269ECD51DDDCD4B0057E3A2 /* Frameworks */,
				7269ECD61DDDCD4B0057E3A2 /* Resources */,
			);
			buildRules = (
			);
			dependencies = (
			);
			name = Pokedex3;
			productName = Pokedex3;
			productReference = 7269ECD81DDDCD4B0057E3A2 /* Pokedex3.app */;
			productType = "com.apple.product-type.application";
		};
/* End PBXNativeTarget section */

/* Begin PBXProject section */
		7269ECD01DDDCD4B0057E3A2 /* Project object */ = {
			isa = PBXProject;
			attributes = {
				LastSwiftUpdateCheck = 0810;
				LastUpgradeCheck = 0810;
				ORGANIZATIONNAME = "Dennis Hedlund";
				TargetAttributes = {
					7269ECD71DDDCD4B0057E3A2 = {
						CreatedOnToolsVersion = 8.1;
						DevelopmentTeam = BW4QAL23QQ;
						ProvisioningStyle = Automatic;
					};
				};
			};
			buildConfigurationList = 7269ECD31DDDCD4B0057E3A2 /* Build configuration list for PBXProject "Pokedex3" */;
			compatibilityVersion = "Xcode 3.2";
			developmentRegion = English;
			hasScannedForEncodings = 0;
			knownRegions = (
				en,
				Base,
			);
			mainGroup = 7269ECCF1DDDCD4B0057E3A2;
			productRefGroup = 7269ECD91DDDCD4B0057E3A2 /* Products */;
			projectDirPath = "";
			projectRoot = "";
			targets = (
				7269ECD71DDDCD4B0057E3A2 /* Pokedex3 */,
			);
		};
/* End PBXProject section */

/* Begin PBXResourcesBuildPhase section */
		7269ECD61DDDCD4B0057E3A2 /* Resources */ = {
			isa = PBXResourcesBuildPhase;
			buildActionMask = 2147483647;
			files = (
				7269ECFA1DDEF7FB0057E3A2 /* music.mp3 in Resources */,
				7269ECE61DDDCD4B0057E3A2 /* LaunchScreen.storyboard in Resources */,
				7269ECE31DDDCD4B0057E3A2 /* Assets.xcassets in Resources */,
				7269ECEE1DDDD1290057E3A2 /* pokemon.csv in Resources */,
				7269ECE11DDDCD4B0057E3A2 /* Main.storyboard in Resources */,
				7269ECFB1DDEF7FB0057E3A2 /* music.png in Resources */,
				7269ECFC1DDEF7FB0057E3A2 /* pokemon.ttf in Resources */,
			);
			runOnlyForDeploymentPostprocessing = 0;
		};
/* End PBXResourcesBuildPhase section */

/* Begin PBXSourcesBuildPhase section */
		7269ECD41DDDCD4B0057E3A2 /* Sources */ = {
			isa = PBXSourcesBuildPhase;
			buildActionMask = 2147483647;
			files = (
				7269ECF41DDDE9B60057E3A2 /* PokeCell.swift in Sources */,
				7269ECDE1DDDCD4B0057E3A2 /* ViewController.swift in Sources */,
				7269ECDC1DDDCD4B0057E3A2 /* AppDelegate.swift in Sources */,
				7269ECF11DDDDCED0057E3A2 /* Pokemon.swift in Sources */,
				7269ECF61DDDF5AD0057E3A2 /* csv.swift in Sources */,
				7269ED011DDF0CC40057E3A2 /* PokemonDetailsVC.swift in Sources */,
			);
			runOnlyForDeploymentPostprocessing = 0;
		};
/* End PBXSourcesBuildPhase section */

/* Begin PBXVariantGroup section */
		7269ECDF1DDDCD4B0057E3A2 /* Main.storyboard */ = {
			isa = PBXVariantGroup;
			children = (
				7269ECE01DDDCD4B0057E3A2 /* Base */,
			);
			name = Main.storyboard;
			sourceTree = "<group>";
		};
		7269ECE41DDDCD4B0057E3A2 /* LaunchScreen.storyboard */ = {
			isa = PBXVariantGroup;
			children = (
				7269ECE51DDDCD4B0057E3A2 /* Base */,
			);
			name = LaunchScreen.storyboard;
			sourceTree = "<group>";
		};
/* End PBXVariantGroup section */

/* Begin XCBuildConfiguration section */
		7269ECE81DDDCD4B0057E3A2 /* Debug */ = {
			isa = XCBuildConfiguration;
			buildSettings = {
				ALWAYS_SEARCH_USER_PATHS = NO;
				CLANG_ANALYZER_NONNULL = YES;
				CLANG_CXX_LANGUAGE_STANDARD = "gnu++0x";
				CLANG_CXX_LIBRARY = "libc++";
				CLANG_ENABLE_MODULES = YES;
				CLANG_ENABLE_OBJC_ARC = YES;
				CLANG_WARN_BOOL_CONVERSION = YES;
				CLANG_WARN_CONSTANT_CONVERSION = YES;
				CLANG_WARN_DIRECT_OBJC_ISA_USAGE = YES_ERROR;
				CLANG_WARN_DOCUMENTATION_COMMENTS = YES;
				CLANG_WARN_EMPTY_BODY = YES;
				CLANG_WARN_ENUM_CONVERSION = YES;
				CLANG_WARN_INFINITE_RECURSION = YES;
				CLANG_WARN_INT_CONVERSION = YES;
				CLANG_WARN_OBJC_ROOT_CLASS = YES_ERROR;
				CLANG_WARN_SUSPICIOUS_MOVES = YES;
				CLANG_WARN_UNREACHABLE_CODE = YES;
				CLANG_WARN__DUPLICATE_METHOD_MATCH = YES;
				"CODE_SIGN_IDENTITY[sdk=iphoneos*]" = "iPhone Developer";
				COPY_PHASE_STRIP = NO;
				DEBUG_INFORMATION_FORMAT = dwarf;
				ENABLE_STRICT_OBJC_MSGSEND = YES;
				ENABLE_TESTABILITY = YES;
				GCC_C_LANGUAGE_STANDARD = gnu99;
				GCC_DYNAMIC_NO_PIC = NO;
				GCC_NO_COMMON_BLOCKS = YES;
				GCC_OPTIMIZATION_LEVEL = 0;
				GCC_PREPROCESSOR_DEFINITIONS = (
					"DEBUG=1",
					"$(inherited)",
				);
				GCC_WARN_64_TO_32_BIT_CONVERSION = YES;
				GCC_WARN_ABOUT_RETURN_TYPE = YES_ERROR;
				GCC_WARN_UNDECLARED_SELECTOR = YES;
				GCC_WARN_UNINITIALIZED_AUTOS = YES_AGGRESSIVE;
				GCC_WARN_UNUSED_FUNCTION = YES;
				GCC_WARN_UNUSED_VARIABLE = YES;
				IPHONEOS_DEPLOYMENT_TARGET = 10.1;
				MTL_ENABLE_DEBUG_INFO = YES;
				ONLY_ACTIVE_ARCH = YES;
				SDKROOT = iphoneos;
				SWIFT_ACTIVE_COMPILATION_CONDITIONS = DEBUG;
				SWIFT_OPTIMIZATION_LEVEL = "-Onone";
			};
			name = Debug;
		};
		7269ECE91DDDCD4B0057E3A2 /* Release */ = {
			isa = XCBuildConfiguration;
			buildSettings = {
				ALWAYS_SEARCH_USER_PATHS = NO;
				CLANG_ANALYZER_NONNULL = YES;
				CLANG_CXX_LANGUAGE_STANDARD = "gnu++0x";
				CLANG_CXX_LIBRARY = "libc++";
				CLANG_ENABLE_MODULES = YES;
				CLANG_ENABLE_OBJC_ARC = YES;
				CLANG_WARN_BOOL_CONVERSION = YES;
				CLANG_WARN_CONSTANT_CONVERSION = YES;
				CLANG_WARN_DIRECT_OBJC_ISA_USAGE = YES_ERROR;
				CLANG_WARN_DOCUMENTATION_COMMENTS = YES;
				CLANG_WARN_EMPTY_BODY = YES;
				CLANG_WARN_ENUM_CONVERSION = YES;
				CLANG_WARN_INFINITE_RECURSION = YES;
				CLANG_WARN_INT_CONVERSION = YES;
				CLANG_WARN_OBJC_ROOT_CLASS = YES_ERROR;
				CLANG_WARN_SUSPICIOUS_MOVES = YES;
				CLANG_WARN_UNREACHABLE_CODE = YES;
				CLANG_WARN__DUPLICATE_METHOD_MATCH = YES;
				"CODE_SIGN_IDENTITY[sdk=iphoneos*]" = "iPhone Developer";
				COPY_PHASE_STRIP = NO;
				DEBUG_INFORMATION_FORMAT = "dwarf-with-dsym";
				ENABLE_NS_ASSERTIONS = NO;
				ENABLE_STRICT_OBJC_MSGSEND = YES;
				GCC_C_LANGUAGE_STANDARD = gnu99;
				GCC_NO_COMMON_BLOCKS = YES;
				GCC_WARN_64_TO_32_BIT_CONVERSION = YES;
				GCC_WARN_ABOUT_RETURN_TYPE = YES_ERROR;
				GCC_WARN_UNDECLARED_SELECTOR = YES;
				GCC_WARN_UNINITIALIZED_AUTOS = YES_AGGRESSIVE;
				GCC_WARN_UNUSED_FUNCTION = YES;
				GCC_WARN_UNUSED_VARIABLE = YES;
				IPHONEOS_DEPLOYMENT_TARGET = 10.1;
				MTL_ENABLE_DEBUG_INFO = NO;
				SDKROOT = iphoneos;
				SWIFT_OPTIMIZATION_LEVEL = "-Owholemodule";
				VALIDATE_PRODUCT = YES;
			};
			name = Release;
		};
		7269ECEB1DDDCD4B0057E3A2 /* Debug */ = {
			isa = XCBuildConfiguration;
			buildSettings = {
				ASSETCATALOG_COMPILER_APPICON_NAME = AppIcon;
				DEVELOPMENT_TEAM = BW4QAL23QQ;
				INFOPLIST_FILE = Pokedex3/Info.plist;
				LD_RUNPATH_SEARCH_PATHS = "$(inherited) @executable_path/Frameworks";
				PRODUCT_BUNDLE_IDENTIFIER = com.dzone.Pokedex3;
				PRODUCT_NAME = "$(TARGET_NAME)";
				SWIFT_VERSION = 3.0;
			};
			name = Debug;
		};
		7269ECEC1DDDCD4B0057E3A2 /* Release */ = {
			isa = XCBuildConfiguration;
			buildSettings = {
				ASSETCATALOG_COMPILER_APPICON_NAME = AppIcon;
				DEVELOPMENT_TEAM = BW4QAL23QQ;
				INFOPLIST_FILE = Pokedex3/Info.plist;
				LD_RUNPATH_SEARCH_PATHS = "$(inherited) @executable_path/Frameworks";
				PRODUCT_BUNDLE_IDENTIFIER = com.dzone.Pokedex3;
				PRODUCT_NAME = "$(TARGET_NAME)";
				SWIFT_VERSION = 3.0;
			};
			name = Release;
		};
/* End XCBuildConfiguration section */

/* Begin XCConfigurationList section */
		7269ECD31DDDCD4B0057E3A2 /* Build configuration list for PBXProject "Pokedex3" */ = {
			isa = XCConfigurationList;
			buildConfigurations = (
				7269ECE81DDDCD4B0057E3A2 /* Debug */,
				7269ECE91DDDCD4B0057E3A2 /* Release */,
			);
			defaultConfigurationIsVisible = 0;
			defaultConfigurationName = Release;
		};
		7269ECEA1DDDCD4B0057E3A2 /* Build configuration list for PBXNativeTarget "Pokedex3" */ = {
			isa = XCConfigurationList;
			buildConfigurations = (
				7269ECEB1DDDCD4B0057E3A2 /* Debug */,
				7269ECEC1DDDCD4B0057E3A2 /* Release */,
			);
			defaultConfigurationIsVisible = 0;
		};
/* End XCConfigurationList section */
	};
	rootObject = 7269ECD01DDDCD4B0057E3A2 /* Project object */;
}
